
Microsoft Visual Studio Solution File, Format Version 12.00
# Visual Studio Version 17
VisualStudioVersion = 17.9.34622.214
MinimumVisualStudioVersion = 10.0.40219.1
Project("{FAE04EC0-301F-11D3-BF4B-00C04F79EFBC}") = "marche_code", "marche_code\marche_code.csproj", "{8A2EFEF7-A2F4-4A91-952E-68394CC505C8}"
EndProject
Global
	GlobalSection(SolutionConfigurationPlatforms) = preSolution
		Debug|Any CPU = Debug|Any CPU
		Release|Any CPU = Release|Any CPU
	EndGlobalSection
	GlobalSection(ProjectConfigurationPlatforms) = postSolution
		{8A2EFEF7-A2F4-4A91-952E-68394CC505C8}.Debug|Any CPU.ActiveCfg = Debug|Any CPU
		{8A2EFEF7-A2F4-4A91-952E-68394CC505C8}.Debug|Any CPU.Build.0 = Debug|Any CPU
		{8A2EFEF7-A2F4-4A91-952E-68394CC505C8}.Release|Any CPU.ActiveCfg = Release|Any CPU
		{8A2EFEF7-A2F4-4A91-952E-68394CC505C8}.Release|Any CPU.Build.0 = Release|Any CPU
	EndGlobalSection
	GlobalSection(SolutionProperties) = preSolution
		HideSolutionNode = FALSE
	EndGlobalSection
	GlobalSection(ExtensibilityGlobals) = postSolution
		SolutionGuid = {A884E659-161E-4571-B097-2C9B54642B2D}
	EndGlobalSection
EndGlobal
